{
  "object": {
    "pins": [
      {
        "package": "Cosmos",
        "repositoryURL": "https://github.com/evgenyneu/Cosmos.git",
        "state": {
          "branch": "master",
          "revision": "cce521e734d0090494bd4afab5fd2e2f2465c1af",
          "version": null
        }
      },
      {
        "package": "SDWebImage",
        "repositoryURL": "https://github.com/SDWebImage/SDWebImage.git",
        "state": {
          "branch": "master",
          "revision": "fb50c1d20f24db5322b2f8f379de3618f75fe08e",
          "version": null
        }
      },
      {
        "package": "SkeletonView",
        "repositoryURL": "https://github.com/Juanpe/SkeletonView.git",
        "state": {
          "branch": null,
          "revision": "7a2cc5d51d5dda6fecca542f1930602cce4a6063",
          "version": "1.9.0"
        }
      }
    ]
  },
  "version": 1
}
